
Microsoft Visual Studio Solution File, Format Version 10.00
# Visual Studio 2008
Project("{6989167D-11E4-40FE-8C1A-2192A86A7E90}") = "DSS_IO", "build_vs2008\DSS_IO\DSS_IO.vfproj", "{D05701D6-278E-47FE-9EFB-4A7FAA727181}"
EndProject
Project("{8BC9CEB8-8B4A-11D0-8D11-00A0C91BC942}") = "heclib_c", "heclib_vs2008\heclib_c\heclib_c.vcproj", "{3935EF76-5FBE-4398-8D10-BEC4DB980807}"
EndProject
Project("{6989167D-11E4-40FE-8C1A-2192A86A7E90}") = "heclib_f", "heclib_vs2008\heclib_f\heclib_f.vfproj", "{CF002AB2-C4AA-4D5C-9C2E-0CFFEE055CE6}"
EndProject
Project("{6989167D-11E4-40FE-8C1A-2192A86A7E90}") = "heclib", "heclib_vs2008\heclib\heclib.vfproj", "{BABBE4E4-4E3E-4E19-8B15-6A8FC3EA721A}"
EndProject
Global
	GlobalSection(SolutionConfigurationPlatforms) = preSolution
		Debug|Win32 = Debug|Win32
		Release|Win32 = Release|Win32
	EndGlobalSection
	GlobalSection(ProjectConfigurationPlatforms) = postSolution
		{D05701D6-278E-47FE-9EFB-4A7FAA727181}.Debug|Win32.ActiveCfg = Debug|Win32
		{D05701D6-278E-47FE-9EFB-4A7FAA727181}.Debug|Win32.Build.0 = Debug|Win32
		{D05701D6-278E-47FE-9EFB-4A7FAA727181}.Release|Win32.ActiveCfg = Release|Win32
		{D05701D6-278E-47FE-9EFB-4A7FAA727181}.Release|Win32.Build.0 = Release|Win32
		{3935EF76-5FBE-4398-8D10-BEC4DB980807}.Debug|Win32.ActiveCfg = Debug|Win32
		{3935EF76-5FBE-4398-8D10-BEC4DB980807}.Debug|Win32.Build.0 = Debug|Win32
		{3935EF76-5FBE-4398-8D10-BEC4DB980807}.Release|Win32.ActiveCfg = Release|Win32
		{3935EF76-5FBE-4398-8D10-BEC4DB980807}.Release|Win32.Build.0 = Release|Win32
		{CF002AB2-C4AA-4D5C-9C2E-0CFFEE055CE6}.Debug|Win32.ActiveCfg = Debug|Win32
		{CF002AB2-C4AA-4D5C-9C2E-0CFFEE055CE6}.Debug|Win32.Build.0 = Debug|Win32
		{CF002AB2-C4AA-4D5C-9C2E-0CFFEE055CE6}.Release|Win32.ActiveCfg = Release|Win32
		{CF002AB2-C4AA-4D5C-9C2E-0CFFEE055CE6}.Release|Win32.Build.0 = Release|Win32
		{BABBE4E4-4E3E-4E19-8B15-6A8FC3EA721A}.Debug|Win32.ActiveCfg = Debug|Win32
		{BABBE4E4-4E3E-4E19-8B15-6A8FC3EA721A}.Debug|Win32.Build.0 = Debug|Win32
		{BABBE4E4-4E3E-4E19-8B15-6A8FC3EA721A}.Release|Win32.ActiveCfg = Release|Win32
		{BABBE4E4-4E3E-4E19-8B15-6A8FC3EA721A}.Release|Win32.Build.0 = Release|Win32
	EndGlobalSection
	GlobalSection(SolutionProperties) = preSolution
		HideSolutionNode = FALSE
	EndGlobalSection
EndGlobal
